// !$*UTF8*$!
{
	archiveVersion = 1;
	classes = {
	};
	objectVersion = 46;
	objects = {

/* Begin PBXBuildFile section */
		52087AE61CA435810083D64A /* libxml2.tbd in Frameworks */ = {isa = PBXBuildFile; fileRef = 52087AE51CA435810083D64A /* libxml2.tbd */; };
		525A27101CD24045000D3210 /* libMediaBrix.a in Frameworks */ = {isa = PBXBuildFile; fileRef = 525A270F1CD24045000D3210 /* libMediaBrix.a */; };
		525A27121CD2405A000D3210 /* MBRXMoatMobileAppKit.framework in Frameworks */ = {isa = PBXBuildFile; fileRef = 525A27111CD2405A000D3210 /* MBRXMoatMobileAppKit.framework */; };
		52F6323A1CA4197E0026EA86 /* main.m in Sources */ = {isa = PBXBuildFile; fileRef = 52F632391CA4197E0026EA86 /* main.m */; };
		52F6323D1CA4197E0026EA86 /* AppDelegate.m in Sources */ = {isa = PBXBuildFile; fileRef = 52F6323C1CA4197E0026EA86 /* AppDelegate.m */; };
		52F632401CA4197E0026EA86 /* ViewController.m in Sources */ = {isa = PBXBuildFile; fileRef = 52F6323F1CA4197E0026EA86 /* ViewController.m */; };
		52F632431CA4197E0026EA86 /* Main.storyboard in Resources */ = {isa = PBXBuildFile; fileRef = 52F632411CA4197E0026EA86 /* Main.storyboard */; };
		52F632451CA4197E0026EA86 /* Assets.xcassets in Resources */ = {isa = PBXBuildFile; fileRef = 52F632441CA4197E0026EA86 /* Assets.xcassets */; };
		52F632481CA4197E0026EA86 /* LaunchScreen.storyboard in Resources */ = {isa = PBXBuildFile; fileRef = 52F632461CA4197E0026EA86 /* LaunchScreen.storyboard */; };
/* End PBXBuildFile section */

/* Begin PBXFileReference section */
		52087AE51CA435810083D64A /* libxml2.tbd */ = {isa = PBXFileReference; lastKnownFileType = "sourcecode.text-based-dylib-definition"; name = libxml2.tbd; path = usr/lib/libxml2.tbd; sourceTree = SDKROOT; };
		52087AEC1CA4367E0083D64A /* MediaBrix.h */ = {isa = PBXFileReference; fileEncoding = 4; lastKnownFileType = sourcecode.c.h; path = MediaBrix.h; sourceTree = "<group>"; };
		525A270F1CD24045000D3210 /* libMediaBrix.a */ = {isa = PBXFileReference; lastKnownFileType = archive.ar; name = libMediaBrix.a; path = src/libMediaBrix.a; sourceTree = "<group>"; };
		525A27111CD2405A000D3210 /* MBRXMoatMobileAppKit.framework */ = {isa = PBXFileReference; lastKnownFileType = wrapper.framework; name = MBRXMoatMobileAppKit.framework; path = src/MBRXMoatMobileAppKit.framework; sourceTree = "<group>"; };
		52F632351CA4197E0026EA86 /* Sample App.app */ = {isa = PBXFileReference; explicitFileType = wrapper.application; includeInIndex = 0; path = "Sample App.app"; sourceTree = BUILT_PRODUCTS_DIR; };
		52F632391CA4197E0026EA86 /* main.m */ = {isa = PBXFileReference; lastKnownFileType = sourcecode.c.objc; path = main.m; sourceTree = "<group>"; };
		52F6323B1CA4197E0026EA86 /* AppDelegate.h */ = {isa = PBXFileReference; lastKnownFileType = sourcecode.c.h; path = AppDelegate.h; sourceTree = "<group>"; };
		52F6323C1CA4197E0026EA86 /* AppDelegate.m */ = {isa = PBXFileReference; lastKnownFileType = sourcecode.c.objc; path = AppDelegate.m; sourceTree = "<group>"; };
		52F6323E1CA4197E0026EA86 /* ViewController.h */ = {isa = PBXFileReference; lastKnownFileType = sourcecode.c.h; path = ViewController.h; sourceTree = "<group>"; };
		52F6323F1CA4197E0026EA86 /* ViewController.m */ = {isa = PBXFileReference; lastKnownFileType = sourcecode.c.objc; path = ViewController.m; sourceTree = "<group>"; };
		52F632421CA4197E0026EA86 /* Base */ = {isa = PBXFileReference; lastKnownFileType = file.storyboard; name = Base; path = Base.lproj/Main.storyboard; sourceTree = "<group>"; };
		52F632441CA4197E0026EA86 /* Assets.xcassets */ = {isa = PBXFileReference; lastKnownFileType = folder.assetcatalog; path = Assets.xcassets; sourceTree = "<group>"; };
		52F632471CA4197E0026EA86 /* Base */ = {isa = PBXFileReference; lastKnownFileType = file.storyboard; name = Base; path = Base.lproj/LaunchScreen.storyboard; sourceTree = "<group>"; };
		52F632491CA4197E0026EA86 /* Info.plist */ = {isa = PBXFileReference; lastKnownFileType = text.plist.xml; path = Info.plist; sourceTree = "<group>"; };
/* End PBXFileReference section */

/* Begin PBXFrameworksBuildPhase section */
		52F632321CA4197E0026EA86 /* Frameworks */ = {
			isa = PBXFrameworksBuildPhase;
			buildActionMask = 2147483647;
			files = (
				52087AE61CA435810083D64A /* libxml2.tbd in Frameworks */,
				525A27101CD24045000D3210 /* libMediaBrix.a in Frameworks */,
				525A27121CD2405A000D3210 /* MBRXMoatMobileAppKit.framework in Frameworks */,
			);
			runOnlyForDeploymentPostprocessing = 0;
		};
/* End PBXFrameworksBuildPhase section */

/* Begin PBXGroup section */
		52087AE91CA4367E0083D64A /* src */ = {
			isa = PBXGroup;
			children = (
				52087AEB1CA4367E0083D64A /* mbsdk */,
			);
			path = src;
			sourceTree = SOURCE_ROOT;
		};
		52087AEB1CA4367E0083D64A /* mbsdk */ = {
			isa = PBXGroup;
			children = (
				52087AEC1CA4367E0083D64A /* MediaBrix.h */,
			);
			path = mbsdk;
			sourceTree = "<group>";
		};
		52F6322C1CA4197D0026EA86 = {
			isa = PBXGroup;
			children = (
				525A27111CD2405A000D3210 /* MBRXMoatMobileAppKit.framework */,
				525A270F1CD24045000D3210 /* libMediaBrix.a */,
				52087AE51CA435810083D64A /* libxml2.tbd */,
				52F632371CA4197E0026EA86 /* Sample App */,
				52F632361CA4197E0026EA86 /* Products */,
			);
			sourceTree = "<group>";
		};
		52F632361CA4197E0026EA86 /* Products */ = {
			isa = PBXGroup;
			children = (
				52F632351CA4197E0026EA86 /* Sample App.app */,
			);
			name = Products;
			sourceTree = "<group>";
		};
		52F632371CA4197E0026EA86 /* Sample App */ = {
			isa = PBXGroup;
			children = (
				52087AE91CA4367E0083D64A /* src */,
				52F6323B1CA4197E0026EA86 /* AppDelegate.h */,
				52F6323C1CA4197E0026EA86 /* AppDelegate.m */,
				52F6323E1CA4197E0026EA86 /* ViewController.h */,
				52F6323F1CA4197E0026EA86 /* ViewController.m */,
				52F632411CA4197E0026EA86 /* Main.storyboard */,
				52F632441CA4197E0026EA86 /* Assets.xcassets */,
				52F632461CA4197E0026EA86 /* LaunchScreen.storyboard */,
				52F632491CA4197E0026EA86 /* Info.plist */,
				52F632381CA4197E0026EA86 /* Supporting Files */,
			);
			name = "Sample App";
			path = "Muhammad's Sample App";
			sourceTree = "<group>";
		};
		52F632381CA4197E0026EA86 /* Supporting Files */ = {
			isa = PBXGroup;
			children = (
				52F632391CA4197E0026EA86 /* main.m */,
			);
			name = "Supporting Files";
			sourceTree = "<group>";
		};
/* End PBXGroup section */

/* Begin PBXNativeTarget section */
		52F632341CA4197E0026EA86 /* Sample App */ = {
			isa = PBXNativeTarget;
			buildConfigurationList = 52F6324C1CA4197E0026EA86 /* Build configuration list for PBXNativeTarget "Sample App" */;
			buildPhases = (
				52F632311CA4197E0026EA86 /* Sources */,
				52F632321CA4197E0026EA86 /* Frameworks */,
				52F632331CA4197E0026EA86 /* Resources */,
			);
			buildRules = (
			);
			dependencies = (
			);
			name = "Sample App";
			productName = "Muhammad's Sample App";
			productReference = 52F632351CA4197E0026EA86 /* Sample App.app */;
			productType = "com.apple.product-type.application";
		};
/* End PBXNativeTarget section */

/* Begin PBXProject section */
		52F6322D1CA4197D0026EA86 /* Project object */ = {
			isa = PBXProject;
			attributes = {
				LastUpgradeCheck = 0710;
				ORGANIZATIONNAME = "Muhammad Zubair";
				TargetAttributes = {
					52F632341CA4197E0026EA86 = {
						CreatedOnToolsVersion = 7.1;
					};
				};
			};
			buildConfigurationList = 52F632301CA4197E0026EA86 /* Build configuration list for PBXProject "Sample App" */;
			compatibilityVersion = "Xcode 3.2";
			developmentRegion = English;
			hasScannedForEncodings = 0;
			knownRegions = (
				en,
				Base,
			);
			mainGroup = 52F6322C1CA4197D0026EA86;
			productRefGroup = 52F632361CA4197E0026EA86 /* Products */;
			projectDirPath = "";
			projectRoot = "";
			targets = (
				52F632341CA4197E0026EA86 /* Sample App */,
			);
		};
/* End PBXProject section */

/* Begin PBXResourcesBuildPhase section */
		52F632331CA4197E0026EA86 /* Resources */ = {
			isa = PBXResourcesBuildPhase;
			buildActionMask = 2147483647;
			files = (
				52F632481CA4197E0026EA86 /* LaunchScreen.storyboard in Resources */,
				52F632451CA4197E0026EA86 /* Assets.xcassets in Resources */,
				52F632431CA4197E0026EA86 /* Main.storyboard in Resources */,
			);
			runOnlyForDeploymentPostprocessing = 0;
		};
/* End PBXResourcesBuildPhase section */

/* Begin PBXSourcesBuildPhase section */
		52F632311CA4197E0026EA86 /* Sources */ = {
			isa = PBXSourcesBuildPhase;
			buildActionMask = 2147483647;
			files = (
				52F632401CA4197E0026EA86 /* ViewController.m in Sources */,
				52F6323D1CA4197E0026EA86 /* AppDelegate.m in Sources */,
				52F6323A1CA4197E0026EA86 /* main.m in Sources */,
			);
			runOnlyForDeploymentPostprocessing = 0;
		};
/* End PBXSourcesBuildPhase section */

/* Begin PBXVariantGroup section */
		52F632411CA4197E0026EA86 /* Main.storyboard */ = {
			isa = PBXVariantGroup;
			children = (
				52F632421CA4197E0026EA86 /* Base */,
			);
			name = Main.storyboard;
			sourceTree = "<group>";
		};
		52F632461CA4197E0026EA86 /* LaunchScreen.storyboard */ = {
			isa = PBXVariantGroup;
			children = (
				52F632471CA4197E0026EA86 /* Base */,
			);
			name = LaunchScreen.storyboard;
			sourceTree = "<group>";
		};
/* End PBXVariantGroup section */

/* Begin XCBuildConfiguration section */
		52F6324A1CA4197E0026EA86 /* Debug */ = {
			isa = XCBuildConfiguration;
			buildSettings = {
				ALWAYS_SEARCH_USER_PATHS = NO;
				CLANG_CXX_LANGUAGE_STANDARD = "gnu++0x";
				CLANG_CXX_LIBRARY = "libc++";
				CLANG_ENABLE_MODULES = YES;
				CLANG_ENABLE_OBJC_ARC = YES;
				CLANG_WARN_BOOL_CONVERSION = YES;
				CLANG_WARN_CONSTANT_CONVERSION = YES;
				CLANG_WARN_DIRECT_OBJC_ISA_USAGE = YES_ERROR;
				CLANG_WARN_EMPTY_BODY = YES;
				CLANG_WARN_ENUM_CONVERSION = YES;
				CLANG_WARN_INT_CONVERSION = YES;
				CLANG_WARN_OBJC_ROOT_CLASS = YES_ERROR;
				CLANG_WARN_UNREACHABLE_CODE = YES;
				CLANG_WARN__DUPLICATE_METHOD_MATCH = YES;
				"CODE_SIGN_IDENTITY[sdk=iphoneos*]" = "iPhone Developer";
				COPY_PHASE_STRIP = NO;
				DEBUG_INFORMATION_FORMAT = dwarf;
				ENABLE_STRICT_OBJC_MSGSEND = YES;
				ENABLE_TESTABILITY = YES;
				GCC_C_LANGUAGE_STANDARD = gnu99;
				GCC_DYNAMIC_NO_PIC = NO;
				GCC_NO_COMMON_BLOCKS = YES;
				GCC_OPTIMIZATION_LEVEL = 0;
				GCC_PREPROCESSOR_DEFINITIONS = (
					"DEBUG=1",
					"$(inherited)",
				);
				GCC_WARN_64_TO_32_BIT_CONVERSION = YES;
				GCC_WARN_ABOUT_RETURN_TYPE = YES_ERROR;
				GCC_WARN_UNDECLARED_SELECTOR = YES;
				GCC_WARN_UNINITIALIZED_AUTOS = YES_AGGRESSIVE;
				GCC_WARN_UNUSED_FUNCTION = YES;
				GCC_WARN_UNUSED_VARIABLE = YES;
				IPHONEOS_DEPLOYMENT_TARGET = 9.1;
				MTL_ENABLE_DEBUG_INFO = YES;
				ONLY_ACTIVE_ARCH = YES;
				SDKROOT = iphoneos;
			};
			name = Debug;
		};
		52F6324B1CA4197E0026EA86 /* Release */ = {
			isa = XCBuildConfiguration;
			buildSettings = {
				ALWAYS_SEARCH_USER_PATHS = NO;
				CLANG_CXX_LANGUAGE_STANDARD = "gnu++0x";
				CLANG_CXX_LIBRARY = "libc++";
				CLANG_ENABLE_MODULES = YES;
				CLANG_ENABLE_OBJC_ARC = YES;
				CLANG_WARN_BOOL_CONVERSION = YES;
				CLANG_WARN_CONSTANT_CONVERSION = YES;
				CLANG_WARN_DIRECT_OBJC_ISA_USAGE = YES_ERROR;
				CLANG_WARN_EMPTY_BODY = YES;
				CLANG_WARN_ENUM_CONVERSION = YES;
				CLANG_WARN_INT_CONVERSION = YES;
				CLANG_WARN_OBJC_ROOT_CLASS = YES_ERROR;
				CLANG_WARN_UNREACHABLE_CODE = YES;
				CLANG_WARN__DUPLICATE_METHOD_MATCH = YES;
				"CODE_SIGN_IDENTITY[sdk=iphoneos*]" = "iPhone Developer";
				COPY_PHASE_STRIP = NO;
				DEBUG_INFORMATION_FORMAT = "dwarf-with-dsym";
				ENABLE_NS_ASSERTIONS = NO;
				ENABLE_STRICT_OBJC_MSGSEND = YES;
				GCC_C_LANGUAGE_STANDARD = gnu99;
				GCC_NO_COMMON_BLOCKS = YES;
				GCC_WARN_64_TO_32_BIT_CONVERSION = YES;
				GCC_WARN_ABOUT_RETURN_TYPE = YES_ERROR;
				GCC_WARN_UNDECLARED_SELECTOR = YES;
				GCC_WARN_UNINITIALIZED_AUTOS = YES_AGGRESSIVE;
				GCC_WARN_UNUSED_FUNCTION = YES;
				GCC_WARN_UNUSED_VARIABLE = YES;
				IPHONEOS_DEPLOYMENT_TARGET = 9.1;
				MTL_ENABLE_DEBUG_INFO = NO;
				SDKROOT = iphoneos;
				VALIDATE_PRODUCT = YES;
			};
			name = Release;
		};
		52F6324D1CA4197E0026EA86 /* Debug */ = {
			isa = XCBuildConfiguration;
			buildSettings = {
				ASSETCATALOG_COMPILER_APPICON_NAME = AppIcon;
				CLANG_ALLOW_NON_MODULAR_INCLUDES_IN_FRAMEWORK_MODULES = YES;
				CLANG_ENABLE_MODULES = YES;
				CLANG_ENABLE_MODULE_DEBUGGING = YES;
				CLANG_MODULES_AUTOLINK = YES;
				ENABLE_BITCODE = NO;
				FRAMEWORK_SEARCH_PATHS = (
					"$(inherited)",
					"$(PROJECT_DIR)/src",
				);
				INFOPLIST_FILE = "Muhammad's Sample App/Info.plist";
				LD_RUNPATH_SEARCH_PATHS = "$(inherited) @executable_path/Frameworks";
				LIBRARY_SEARCH_PATHS = (
					"$(inherited)",
					"$(PROJECT_DIR)/src",
				);
				OTHER_LDFLAGS = (
					"-lsqlite3",
					"-ObjC",
				);
				PRODUCT_BUNDLE_IDENTIFIER = "com.muhammad.Muhammad-s-Sample-App";
				PRODUCT_NAME = "Sample App";
			};
			name = Debug;
		};
		52F6324E1CA4197E0026EA86 /* Release */ = {
			isa = XCBuildConfiguration;
			buildSettings = {
				ASSETCATALOG_COMPILER_APPICON_NAME = AppIcon;
				CLANG_ALLOW_NON_MODULAR_INCLUDES_IN_FRAMEWORK_MODULES = YES;
				CLANG_ENABLE_MODULES = YES;
				CLANG_ENABLE_MODULE_DEBUGGING = YES;
				CLANG_MODULES_AUTOLINK = YES;
				ENABLE_BITCODE = NO;
				FRAMEWORK_SEARCH_PATHS = (
					"$(inherited)",
					"$(PROJECT_DIR)/src",
				);
				INFOPLIST_FILE = "Muhammad's Sample App/Info.plist";
				LD_RUNPATH_SEARCH_PATHS = "$(inherited) @executable_path/Frameworks";
				LIBRARY_SEARCH_PATHS = (
					"$(inherited)",
					"$(PROJECT_DIR)/src",
				);
				OTHER_LDFLAGS = (
					"-lsqlite3",
					"-ObjC",
				);
				PRODUCT_BUNDLE_IDENTIFIER = "com.muhammad.Muhammad-s-Sample-App";
				PRODUCT_NAME = "Sample App";
			};
			name = Release;
		};
/* End XCBuildConfiguration section */

/* Begin XCConfigurationList section */
		52F632301CA4197E0026EA86 /* Build configuration list for PBXProject "Sample App" */ = {
			isa = XCConfigurationList;
			buildConfigurations = (
				52F6324A1CA4197E0026EA86 /* Debug */,
				52F6324B1CA4197E0026EA86 /* Release */,
			);
			defaultConfigurationIsVisible = 0;
			defaultConfigurationName = Release;
		};
		52F6324C1CA4197E0026EA86 /* Build configuration list for PBXNativeTarget "Sample App" */ = {
			isa = XCConfigurationList;
			buildConfigurations = (
				52F6324D1CA4197E0026EA86 /* Debug */,
				52F6324E1CA4197E0026EA86 /* Release */,
			);
			defaultConfigurationIsVisible = 0;
			defaultConfigurationName = Release;
		};
/* End XCConfigurationList section */
	};
	rootObject = 52F6322D1CA4197D0026EA86 /* Project object */;
}
